{
    "version": 3,
    "terraform_version": "0.9.6",
    "serial": 4,
    "lineage": "9f86ddb7-2233-4ee8-a425-bb8ffcae9cdd",
    "modules": [
        {
            "path": [
                "root"
            ],
            "outputs": {},
            "resources": {
                "aws_iam_role.test_role": {
                    "type": "aws_iam_role",
                    "depends_on": [],
                    "primary": {
                        "id": "test_role",
                        "attributes": {
                            "arn": "arn:aws:iam::014113151286:role/test_role",
                            "assume_role_policy": "{\"Version\":\"2012-10-17\",\"Statement\":[{\"Sid\":\"\",\"Effect\":\"Allow\",\"Principal\":{\"Service\":\"ec2.amazonaws.com\"},\"Action\":\"sts:AssumeRole\"}]}",
                            "create_date": "2017-08-10T09:04:00Z",
                            "id": "test_role",
                            "name": "test_role",
                            "path": "/",
                            "unique_id": "AROAI57SCHDD4KCKISPTQ"
                        },
                        "meta": {},
                        "tainted": false
                    },
                    "deposed": [],
                    "provider": ""
                },
                "aws_iam_role_policy.test_policy": {
                    "type": "aws_iam_role_policy",
                    "depends_on": [
                        "aws_iam_role.test_role"
                    ],
                    "primary": {
                        "id": "test_role:test_policy",
                        "attributes": {
                            "id": "test_role:test_policy",
                            "name": "test_policy",
                            "policy": "{\n  \"Version\": \"2012-10-17\",\n  \"Statement\": [\n    {\n      \"Action\": [\n        \"ec2:Describe*\"\n      ],\n      \"Effect\": \"Allow\",\n      \"Resource\": \"*\"\n    }\n  ]\n}\n",
                            "role": "test_role"
                        },
                        "meta": {},
                        "tainted": false
                    },
                    "deposed": [],
                    "provider": ""
                },
                "aws_iam_role_policy_attachment.test-attach": {
                    "type": "aws_iam_role_policy_attachment",
                    "depends_on": [
                        "aws_iam_role.test_role"
                    ],
                    "primary": {
                        "id": "test_role-000d54543f0f34c672a8178cb0",
                        "attributes": {
                            "id": "test_role-000d54543f0f34c672a8178cb0",
                            "policy_arn": "arn:aws:iam::014113151286:policy/harish_AmazonS3ReadOnlyAccess",
                            "role": "test_role"
                        },
                        "meta": {},
                        "tainted": false
                    },
                    "deposed": [],
                    "provider": ""
                }
            },
            "depends_on": []
        }
    ]
}
